// !$*UTF8*$!
{
	archiveVersion = 1;
	classes = {
	};
	objectVersion = 55;
	objects = {

/* Begin PBXBuildFile section */
		E43EE859283A7713006AF504 /* AppDelegate.swift in Sources */ = {isa = PBXBuildFile; fileRef = E43EE858283A7713006AF504 /* AppDelegate.swift */; };
		E43EE85B283A7713006AF504 /* SceneDelegate.swift in Sources */ = {isa = PBXBuildFile; fileRef = E43EE85A283A7713006AF504 /* SceneDelegate.swift */; };
		E43EE85D283A7713006AF504 /* ViewController.swift in Sources */ = {isa = PBXBuildFile; fileRef = E43EE85C283A7713006AF504 /* ViewController.swift */; };
		E43EE860283A7713006AF504 /* Main.storyboard in Resources */ = {isa = PBXBuildFile; fileRef = E43EE85E283A7713006AF504 /* Main.storyboard */; };
		E43EE862283A7715006AF504 /* Assets.xcassets in Resources */ = {isa = PBXBuildFile; fileRef = E43EE861283A7715006AF504 /* Assets.xcassets */; };
		E43EE865283A7715006AF504 /* LaunchScreen.storyboard in Resources */ = {isa = PBXBuildFile; fileRef = E43EE863283A7715006AF504 /* LaunchScreen.storyboard */; };
		E43EE870283A7715006AF504 /* Learn_SwiftTests.swift in Sources */ = {isa = PBXBuildFile; fileRef = E43EE86F283A7715006AF504 /* Learn_SwiftTests.swift */; };
		E43EE87A283A7715006AF504 /* Learn_SwiftUITests.swift in Sources */ = {isa = PBXBuildFile; fileRef = E43EE879283A7715006AF504 /* Learn_SwiftUITests.swift */; };
		E43EE87C283A7715006AF504 /* Learn_SwiftUITestsLaunchTests.swift in Sources */ = {isa = PBXBuildFile; fileRef = E43EE87B283A7715006AF504 /* Learn_SwiftUITestsLaunchTests.swift */; };
/* End PBXBuildFile section */

/* Begin PBXContainerItemProxy section */
		E43EE86C283A7715006AF504 /* PBXContainerItemProxy */ = {
			isa = PBXContainerItemProxy;
			containerPortal = E43EE84D283A7713006AF504 /* Project object */;
			proxyType = 1;
			remoteGlobalIDString = E43EE854283A7713006AF504;
			remoteInfo = Learn_Swift;
		};
		E43EE876283A7715006AF504 /* PBXContainerItemProxy */ = {
			isa = PBXContainerItemProxy;
			containerPortal = E43EE84D283A7713006AF504 /* Project object */;
			proxyType = 1;
			remoteGlobalIDString = E43EE854283A7713006AF504;
			remoteInfo = Learn_Swift;
		};
/* End PBXContainerItemProxy section */

/* Begin PBXFileReference section */
		E43EE855283A7713006AF504 /* Learn_Swift.app */ = {isa = PBXFileReference; explicitFileType = wrapper.application; includeInIndex = 0; path = Learn_Swift.app; sourceTree = BUILT_PRODUCTS_DIR; };
		E43EE858283A7713006AF504 /* AppDelegate.swift */ = {isa = PBXFileReference; lastKnownFileType = sourcecode.swift; path = AppDelegate.swift; sourceTree = "<group>"; };
		E43EE85A283A7713006AF504 /* SceneDelegate.swift */ = {isa = PBXFileReference; lastKnownFileType = sourcecode.swift; path = SceneDelegate.swift; sourceTree = "<group>"; };
		E43EE85C283A7713006AF504 /* ViewController.swift */ = {isa = PBXFileReference; lastKnownFileType = sourcecode.swift; path = ViewController.swift; sourceTree = "<group>"; };
		E43EE85F283A7713006AF504 /* Base */ = {isa = PBXFileReference; lastKnownFileType = file.storyboard; name = Base; path = Base.lproj/Main.storyboard; sourceTree = "<group>"; };
		E43EE861283A7715006AF504 /* Assets.xcassets */ = {isa = PBXFileReference; lastKnownFileType = folder.assetcatalog; path = Assets.xcassets; sourceTree = "<group>"; };
		E43EE864283A7715006AF504 /* Base */ = {isa = PBXFileReference; lastKnownFileType = file.storyboard; name = Base; path = Base.lproj/LaunchScreen.storyboard; sourceTree = "<group>"; };
		E43EE866283A7715006AF504 /* Info.plist */ = {isa = PBXFileReference; lastKnownFileType = text.plist.xml; path = Info.plist; sourceTree = "<group>"; };
		E43EE86B283A7715006AF504 /* Learn_SwiftTests.xctest */ = {isa = PBXFileReference; explicitFileType = wrapper.cfbundle; includeInIndex = 0; path = Learn_SwiftTests.xctest; sourceTree = BUILT_PRODUCTS_DIR; };
		E43EE86F283A7715006AF504 /* Learn_SwiftTests.swift */ = {isa = PBXFileReference; lastKnownFileType = sourcecode.swift; path = Learn_SwiftTests.swift; sourceTree = "<group>"; };
		E43EE875283A7715006AF504 /* Learn_SwiftUITests.xctest */ = {isa = PBXFileReference; explicitFileType = wrapper.cfbundle; includeInIndex = 0; path = Learn_SwiftUITests.xctest; sourceTree = BUILT_PRODUCTS_DIR; };
		E43EE879283A7715006AF504 /* Learn_SwiftUITests.swift */ = {isa = PBXFileReference; lastKnownFileType = sourcecode.swift; path = Learn_SwiftUITests.swift; sourceTree = "<group>"; };
		E43EE87B283A7715006AF504 /* Learn_SwiftUITestsLaunchTests.swift */ = {isa = PBXFileReference; lastKnownFileType = sourcecode.swift; path = Learn_SwiftUITestsLaunchTests.swift; sourceTree = "<group>"; };
/* End PBXFileReference section */

/* Begin PBXFrameworksBuildPhase section */
		E43EE852283A7713006AF504 /* Frameworks */ = {
			isa = PBXFrameworksBuildPhase;
			buildActionMask = 2147483647;
			files = (
			);
			runOnlyForDeploymentPostprocessing = 0;
		};
		E43EE868283A7715006AF504 /* Frameworks */ = {
			isa = PBXFrameworksBuildPhase;
			buildActionMask = 2147483647;
			files = (
			);
			runOnlyForDeploymentPostprocessing = 0;
		};
		E43EE872283A7715006AF504 /* Frameworks */ = {
			isa = PBXFrameworksBuildPhase;
			buildActionMask = 2147483647;
			files = (
			);
			runOnlyForDeploymentPostprocessing = 0;
		};
/* End PBXFrameworksBuildPhase section */

/* Begin PBXGroup section */
		E43EE84C283A7713006AF504 = {
			isa = PBXGroup;
			children = (
				E43EE857283A7713006AF504 /* Learn_Swift */,
				E43EE86E283A7715006AF504 /* Learn_SwiftTests */,
				E43EE878283A7715006AF504 /* Learn_SwiftUITests */,
				E43EE856283A7713006AF504 /* Products */,
			);
			sourceTree = "<group>";
		};
		E43EE856283A7713006AF504 /* Products */ = {
			isa = PBXGroup;
			children = (
				E43EE855283A7713006AF504 /* Learn_Swift.app */,
				E43EE86B283A7715006AF504 /* Learn_SwiftTests.xctest */,
				E43EE875283A7715006AF504 /* Learn_SwiftUITests.xctest */,
			);
			name = Products;
			sourceTree = "<group>";
		};
		E43EE857283A7713006AF504 /* Learn_Swift */ = {
			isa = PBXGroup;
			children = (
				E43EE858283A7713006AF504 /* AppDelegate.swift */,
				E43EE85A283A7713006AF504 /* SceneDelegate.swift */,
				E43EE85C283A7713006AF504 /* ViewController.swift */,
				E43EE85E283A7713006AF504 /* Main.storyboard */,
				E43EE861283A7715006AF504 /* Assets.xcassets */,
				E43EE863283A7715006AF504 /* LaunchScreen.storyboard */,
				E43EE866283A7715006AF504 /* Info.plist */,
			);
			path = Learn_Swift;
			sourceTree = "<group>";
		};
		E43EE86E283A7715006AF504 /* Learn_SwiftTests */ = {
			isa = PBXGroup;
			children = (
				E43EE86F283A7715006AF504 /* Learn_SwiftTests.swift */,
			);
			path = Learn_SwiftTests;
			sourceTree = "<group>";
		};
		E43EE878283A7715006AF504 /* Learn_SwiftUITests */ = {
			isa = PBXGroup;
			children = (
				E43EE879283A7715006AF504 /* Learn_SwiftUITests.swift */,
				E43EE87B283A7715006AF504 /* Learn_SwiftUITestsLaunchTests.swift */,
			);
			path = Learn_SwiftUITests;
			sourceTree = "<group>";
		};
/* End PBXGroup section */

/* Begin PBXNativeTarget section */
		E43EE854283A7713006AF504 /* Learn_Swift */ = {
			isa = PBXNativeTarget;
			buildConfigurationList = E43EE87F283A7715006AF504 /* Build configuration list for PBXNativeTarget "Learn_Swift" */;
			buildPhases = (
				E43EE851283A7713006AF504 /* Sources */,
				E43EE852283A7713006AF504 /* Frameworks */,
				E43EE853283A7713006AF504 /* Resources */,
			);
			buildRules = (
			);
			dependencies = (
			);
			name = Learn_Swift;
			productName = Learn_Swift;
			productReference = E43EE855283A7713006AF504 /* Learn_Swift.app */;
			productType = "com.apple.product-type.application";
		};
		E43EE86A283A7715006AF504 /* Learn_SwiftTests */ = {
			isa = PBXNativeTarget;
			buildConfigurationList = E43EE882283A7715006AF504 /* Build configuration list for PBXNativeTarget "Learn_SwiftTests" */;
			buildPhases = (
				E43EE867283A7715006AF504 /* Sources */,
				E43EE868283A7715006AF504 /* Frameworks */,
				E43EE869283A7715006AF504 /* Resources */,
			);
			buildRules = (
			);
			dependencies = (
				E43EE86D283A7715006AF504 /* PBXTargetDependency */,
			);
			name = Learn_SwiftTests;
			productName = Learn_SwiftTests;
			productReference = E43EE86B283A7715006AF504 /* Learn_SwiftTests.xctest */;
			productType = "com.apple.product-type.bundle.unit-test";
		};
		E43EE874283A7715006AF504 /* Learn_SwiftUITests */ = {
			isa = PBXNativeTarget;
			buildConfigurationList = E43EE885283A7715006AF504 /* Build configuration list for PBXNativeTarget "Learn_SwiftUITests" */;
			buildPhases = (
				E43EE871283A7715006AF504 /* Sources */,
				E43EE872283A7715006AF504 /* Frameworks */,
				E43EE873283A7715006AF504 /* Resources */,
			);
			buildRules = (
			);
			dependencies = (
				E43EE877283A7715006AF504 /* PBXTargetDependency */,
			);
			name = Learn_SwiftUITests;
			productName = Learn_SwiftUITests;
			productReference = E43EE875283A7715006AF504 /* Learn_SwiftUITests.xctest */;
			productType = "com.apple.product-type.bundle.ui-testing";
		};
/* End PBXNativeTarget section */

/* Begin PBXProject section */
		E43EE84D283A7713006AF504 /* Project object */ = {
			isa = PBXProject;
			attributes = {
				BuildIndependentTargetsInParallel = 1;
				LastSwiftUpdateCheck = 1330;
				LastUpgradeCheck = 1330;
				TargetAttributes = {
					E43EE854283A7713006AF504 = {
						CreatedOnToolsVersion = 13.3;
					};
					E43EE86A283A7715006AF504 = {
						CreatedOnToolsVersion = 13.3;
						TestTargetID = E43EE854283A7713006AF504;
					};
					E43EE874283A7715006AF504 = {
						CreatedOnToolsVersion = 13.3;
						TestTargetID = E43EE854283A7713006AF504;
					};
				};
			};
			buildConfigurationList = E43EE850283A7713006AF504 /* Build configuration list for PBXProject "Learn_Swift" */;
			compatibilityVersion = "Xcode 13.0";
			developmentRegion = en;
			hasScannedForEncodings = 0;
			knownRegions = (
				en,
				Base,
			);
			mainGroup = E43EE84C283A7713006AF504;
			productRefGroup = E43EE856283A7713006AF504 /* Products */;
			projectDirPath = "";
			projectRoot = "";
			targets = (
				E43EE854283A7713006AF504 /* Learn_Swift */,
				E43EE86A283A7715006AF504 /* Learn_SwiftTests */,
				E43EE874283A7715006AF504 /* Learn_SwiftUITests */,
			);
		};
/* End PBXProject section */

/* Begin PBXResourcesBuildPhase section */
		E43EE853283A7713006AF504 /* Resources */ = {
			isa = PBXResourcesBuildPhase;
			buildActionMask = 2147483647;
			files = (
				E43EE865283A7715006AF504 /* LaunchScreen.storyboard in Resources */,
				E43EE862283A7715006AF504 /* Assets.xcassets in Resources */,
				E43EE860283A7713006AF504 /* Main.storyboard in Resources */,
			);
			runOnlyForDeploymentPostprocessing = 0;
		};
		E43EE869283A7715006AF504 /* Resources */ = {
			isa = PBXResourcesBuildPhase;
			buildActionMask = 2147483647;
			files = (
			);
			runOnlyForDeploymentPostprocessing = 0;
		};
		E43EE873283A7715006AF504 /* Resources */ = {
			isa = PBXResourcesBuildPhase;
			buildActionMask = 2147483647;
			files = (
			);
			runOnlyForDeploymentPostprocessing = 0;
		};
/* End PBXResourcesBuildPhase section */

/* Begin PBXSourcesBuildPhase section */
		E43EE851283A7713006AF504 /* Sources */ = {
			isa = PBXSourcesBuildPhase;
			buildActionMask = 2147483647;
			files = (
				E43EE85D283A7713006AF504 /* ViewController.swift in Sources */,
				E43EE859283A7713006AF504 /* AppDelegate.swift in Sources */,
				E43EE85B283A7713006AF504 /* SceneDelegate.swift in Sources */,
			);
			runOnlyForDeploymentPostprocessing = 0;
		};
		E43EE867283A7715006AF504 /* Sources */ = {
			isa = PBXSourcesBuildPhase;
			buildActionMask = 2147483647;
			files = (
				E43EE870283A7715006AF504 /* Learn_SwiftTests.swift in Sources */,
			);
			runOnlyForDeploymentPostprocessing = 0;
		};
		E43EE871283A7715006AF504 /* Sources */ = {
			isa = PBXSourcesBuildPhase;
			buildActionMask = 2147483647;
			files = (
				E43EE87A283A7715006AF504 /* Learn_SwiftUITests.swift in Sources */,
				E43EE87C283A7715006AF504 /* Learn_SwiftUITestsLaunchTests.swift in Sources */,
			);
			runOnlyForDeploymentPostprocessing = 0;
		};
/* End PBXSourcesBuildPhase section */

/* Begin PBXTargetDependency section */
		E43EE86D283A7715006AF504 /* PBXTargetDependency */ = {
			isa = PBXTargetDependency;
			target = E43EE854283A7713006AF504 /* Learn_Swift */;
			targetProxy = E43EE86C283A7715006AF504 /* PBXContainerItemProxy */;
		};
		E43EE877283A7715006AF504 /* PBXTargetDependency */ = {
			isa = PBXTargetDependency;
			target = E43EE854283A7713006AF504 /* Learn_Swift */;
			targetProxy = E43EE876283A7715006AF504 /* PBXContainerItemProxy */;
		};
/* End PBXTargetDependency section */

/* Begin PBXVariantGroup section */
		E43EE85E283A7713006AF504 /* Main.storyboard */ = {
			isa = PBXVariantGroup;
			children = (
				E43EE85F283A7713006AF504 /* Base */,
			);
			name = Main.storyboard;
			sourceTree = "<group>";
		};
		E43EE863283A7715006AF504 /* LaunchScreen.storyboard */ = {
			isa = PBXVariantGroup;
			children = (
				E43EE864283A7715006AF504 /* Base */,
			);
			name = LaunchScreen.storyboard;
			sourceTree = "<group>";
		};
/* End PBXVariantGroup section */

/* Begin XCBuildConfiguration section */
		E43EE87D283A7715006AF504 /* Debug */ = {
			isa = XCBuildConfiguration;
			buildSettings = {
				ALWAYS_SEARCH_USER_PATHS = NO;
				CLANG_ANALYZER_NONNULL = YES;
				CLANG_ANALYZER_NUMBER_OBJECT_CONVERSION = YES_AGGRESSIVE;
				CLANG_CXX_LANGUAGE_STANDARD = "gnu++17";
				CLANG_ENABLE_MODULES = YES;
				CLANG_ENABLE_OBJC_ARC = YES;
				CLANG_ENABLE_OBJC_WEAK = YES;
				CLANG_WARN_BLOCK_CAPTURE_AUTORELEASING = YES;
				CLANG_WARN_BOOL_CONVERSION = YES;
				CLANG_WARN_COMMA = YES;
				CLANG_WARN_CONSTANT_CONVERSION = YES;
				CLANG_WARN_DEPRECATED_OBJC_IMPLEMENTATIONS = YES;
				CLANG_WARN_DIRECT_OBJC_ISA_USAGE = YES_ERROR;
				CLANG_WARN_DOCUMENTATION_COMMENTS = YES;
				CLANG_WARN_EMPTY_BODY = YES;
				CLANG_WARN_ENUM_CONVERSION = YES;
				CLANG_WARN_INFINITE_RECURSION = YES;
				CLANG_WARN_INT_CONVERSION = YES;
				CLANG_WARN_NON_LITERAL_NULL_CONVERSION = YES;
				CLANG_WARN_OBJC_IMPLICIT_RETAIN_SELF = YES;
				CLANG_WARN_OBJC_LITERAL_CONVERSION = YES;
				CLANG_WARN_OBJC_ROOT_CLASS = YES_ERROR;
				CLANG_WARN_QUOTED_INCLUDE_IN_FRAMEWORK_HEADER = YES;
				CLANG_WARN_RANGE_LOOP_ANALYSIS = YES;
				CLANG_WARN_STRICT_PROTOTYPES = YES;
				CLANG_WARN_SUSPICIOUS_MOVE = YES;
				CLANG_WARN_UNGUARDED_AVAILABILITY = YES_AGGRESSIVE;
				CLANG_WARN_UNREACHABLE_CODE = YES;
				CLANG_WARN__DUPLICATE_METHOD_MATCH = YES;
				COPY_PHASE_STRIP = NO;
				DEBUG_INFORMATION_FORMAT = dwarf;
				ENABLE_STRICT_OBJC_MSGSEND = YES;
				ENABLE_TESTABILITY = YES;
				GCC_C_LANGUAGE_STANDARD = gnu11;
				GCC_DYNAMIC_NO_PIC = NO;
				GCC_NO_COMMON_BLOCKS = YES;
				GCC_OPTIMIZATION_LEVEL = 0;
				GCC_PREPROCESSOR_DEFINITIONS = (
					"DEBUG=1",
					"$(inherited)",
				);
				GCC_WARN_64_TO_32_BIT_CONVERSION = YES;
				GCC_WARN_ABOUT_RETURN_TYPE = YES_ERROR;
				GCC_WARN_UNDECLARED_SELECTOR = YES;
				GCC_WARN_UNINITIALIZED_AUTOS = YES_AGGRESSIVE;
				GCC_WARN_UNUSED_FUNCTION = YES;
				GCC_WARN_UNUSED_VARIABLE = YES;
				IPHONEOS_DEPLOYMENT_TARGET = 15.4;
				MTL_ENABLE_DEBUG_INFO = INCLUDE_SOURCE;
				MTL_FAST_MATH = YES;
				ONLY_ACTIVE_ARCH = YES;
				SDKROOT = iphoneos;
				SWIFT_ACTIVE_COMPILATION_CONDITIONS = DEBUG;
				SWIFT_OPTIMIZATION_LEVEL = "-Onone";
			};
			name = Debug;
		};
		E43EE87E283A7715006AF504 /* Release */ = {
			isa = XCBuildConfiguration;
			buildSettings = {
				ALWAYS_SEARCH_USER_PATHS = NO;
				CLANG_ANALYZER_NONNULL = YES;
				CLANG_ANALYZER_NUMBER_OBJECT_CONVERSION = YES_AGGRESSIVE;
				CLANG_CXX_LANGUAGE_STANDARD = "gnu++17";
				CLANG_ENABLE_MODULES = YES;
				CLANG_ENABLE_OBJC_ARC = YES;
				CLANG_ENABLE_OBJC_WEAK = YES;
				CLANG_WARN_BLOCK_CAPTURE_AUTORELEASING = YES;
				CLANG_WARN_BOOL_CONVERSION = YES;
				CLANG_WARN_COMMA = YES;
				CLANG_WARN_CONSTANT_CONVERSION = YES;
				CLANG_WARN_DEPRECATED_OBJC_IMPLEMENTATIONS = YES;
				CLANG_WARN_DIRECT_OBJC_ISA_USAGE = YES_ERROR;
				CLANG_WARN_DOCUMENTATION_COMMENTS = YES;
				CLANG_WARN_EMPTY_BODY = YES;
				CLANG_WARN_ENUM_CONVERSION = YES;
				CLANG_WARN_INFINITE_RECURSION = YES;
				CLANG_WARN_INT_CONVERSION = YES;
				CLANG_WARN_NON_LITERAL_NULL_CONVERSION = YES;
				CLANG_WARN_OBJC_IMPLICIT_RETAIN_SELF = YES;
				CLANG_WARN_OBJC_LITERAL_CONVERSION = YES;
				CLANG_WARN_OBJC_ROOT_CLASS = YES_ERROR;
				CLANG_WARN_QUOTED_INCLUDE_IN_FRAMEWORK_HEADER = YES;
				CLANG_WARN_RANGE_LOOP_ANALYSIS = YES;
				CLANG_WARN_STRICT_PROTOTYPES = YES;
				CLANG_WARN_SUSPICIOUS_MOVE = YES;
				CLANG_WARN_UNGUARDED_AVAILABILITY = YES_AGGRESSIVE;
				CLANG_WARN_UNREACHABLE_CODE = YES;
				CLANG_WARN__DUPLICATE_METHOD_MATCH = YES;
				COPY_PHASE_STRIP = NO;
				DEBUG_INFORMATION_FORMAT = "dwarf-with-dsym";
				ENABLE_NS_ASSERTIONS = NO;
				ENABLE_STRICT_OBJC_MSGSEND = YES;
				GCC_C_LANGUAGE_STANDARD = gnu11;
				GCC_NO_COMMON_BLOCKS = YES;
				GCC_WARN_64_TO_32_BIT_CONVERSION = YES;
				GCC_WARN_ABOUT_RETURN_TYPE = YES_ERROR;
				GCC_WARN_UNDECLARED_SELECTOR = YES;
				GCC_WARN_UNINITIALIZED_AUTOS = YES_AGGRESSIVE;
				GCC_WARN_UNUSED_FUNCTION = YES;
				GCC_WARN_UNUSED_VARIABLE = YES;
				IPHONEOS_DEPLOYMENT_TARGET = 15.4;
				MTL_ENABLE_DEBUG_INFO = NO;
				MTL_FAST_MATH = YES;
				SDKROOT = iphoneos;
				SWIFT_COMPILATION_MODE = wholemodule;
				SWIFT_OPTIMIZATION_LEVEL = "-O";
				VALIDATE_PRODUCT = YES;
			};
			name = Release;
		};
		E43EE880283A7715006AF504 /* Debug */ = {
			isa = XCBuildConfiguration;
			buildSettings = {
				ASSETCATALOG_COMPILER_APPICON_NAME = AppIcon;
				ASSETCATALOG_COMPILER_GLOBAL_ACCENT_COLOR_NAME = AccentColor;
				CODE_SIGN_STYLE = Automatic;
				CURRENT_PROJECT_VERSION = 1;
				DEVELOPMENT_TEAM = V9P3QARK7G;
				GENERATE_INFOPLIST_FILE = YES;
				INFOPLIST_FILE = Learn_Swift/Info.plist;
				INFOPLIST_KEY_UIApplicationSupportsIndirectInputEvents = YES;
				INFOPLIST_KEY_UILaunchStoryboardName = LaunchScreen;
				INFOPLIST_KEY_UIMainStoryboardFile = Main;
				INFOPLIST_KEY_UISupportedInterfaceOrientations_iPad = "UIInterfaceOrientationPortrait UIInterfaceOrientationPortraitUpsideDown UIInterfaceOrientationLandscapeLeft UIInterfaceOrientationLandscapeRight";
				INFOPLIST_KEY_UISupportedInterfaceOrientations_iPhone = "UIInterfaceOrientationPortrait UIInterfaceOrientationLandscapeLeft UIInterfaceOrientationLandscapeRight";
				LD_RUNPATH_SEARCH_PATHS = (
					"$(inherited)",
					"@executable_path/Frameworks",
				);
				MARKETING_VERSION = 1.0;
				PRODUCT_BUNDLE_IDENTIFIER = "com.mango.Learn-Swift";
				PRODUCT_NAME = "$(TARGET_NAME)";
				SWIFT_EMIT_LOC_STRINGS = YES;
				SWIFT_VERSION = 5.0;
				TARGETED_DEVICE_FAMILY = "1,2";
			};
			name = Debug;
		};
		E43EE881283A7715006AF504 /* Release */ = {
			isa = XCBuildConfiguration;
			buildSettings = {
				ASSETCATALOG_COMPILER_APPICON_NAME = AppIcon;
				ASSETCATALOG_COMPILER_GLOBAL_ACCENT_COLOR_NAME = AccentColor;
				CODE_SIGN_STYLE = Automatic;
				CURRENT_PROJECT_VERSION = 1;
				DEVELOPMENT_TEAM = V9P3QARK7G;
				GENERATE_INFOPLIST_FILE = YES;
				INFOPLIST_FILE = Learn_Swift/Info.plist;
				INFOPLIST_KEY_UIApplicationSupportsIndirectInputEvents = YES;
				INFOPLIST_KEY_UILaunchStoryboardName = LaunchScreen;
				INFOPLIST_KEY_UIMainStoryboardFile = Main;
				INFOPLIST_KEY_UISupportedInterfaceOrientations_iPad = "UIInterfaceOrientationPortrait UIInterfaceOrientationPortraitUpsideDown UIInterfaceOrientationLandscapeLeft UIInterfaceOrientationLandscapeRight";
				INFOPLIST_KEY_UISupportedInterfaceOrientations_iPhone = "UIInterfaceOrientationPortrait UIInterfaceOrientationLandscapeLeft UIInterfaceOrientationLandscapeRight";
				LD_RUNPATH_SEARCH_PATHS = (
					"$(inherited)",
					"@executable_path/Frameworks",
				);
				MARKETING_VERSION = 1.0;
				PRODUCT_BUNDLE_IDENTIFIER = "com.mango.Learn-Swift";
				PRODUCT_NAME = "$(TARGET_NAME)";
				SWIFT_EMIT_LOC_STRINGS = YES;
				SWIFT_VERSION = 5.0;
				TARGETED_DEVICE_FAMILY = "1,2";
			};
			name = Release;
		};
		E43EE883283A7715006AF504 /* Debug */ = {
			isa = XCBuildConfiguration;
			buildSettings = {
				ALWAYS_EMBED_SWIFT_STANDARD_LIBRARIES = YES;
				BUNDLE_LOADER = "$(TEST_HOST)";
				CODE_SIGN_STYLE = Automatic;
				CURRENT_PROJECT_VERSION = 1;
				DEVELOPMENT_TEAM = V9P3QARK7G;
				GENERATE_INFOPLIST_FILE = YES;
				IPHONEOS_DEPLOYMENT_TARGET = 15.4;
				MARKETING_VERSION = 1.0;
				PRODUCT_BUNDLE_IDENTIFIER = "com.mango.Learn-SwiftTests";
				PRODUCT_NAME = "$(TARGET_NAME)";
				SWIFT_EMIT_LOC_STRINGS = NO;
				SWIFT_VERSION = 5.0;
				TARGETED_DEVICE_FAMILY = "1,2";
				TEST_HOST = "$(BUILT_PRODUCTS_DIR)/Learn_Swift.app/Learn_Swift";
			};
			name = Debug;
		};
		E43EE884283A7715006AF504 /* Release */ = {
			isa = XCBuildConfiguration;
			buildSettings = {
				ALWAYS_EMBED_SWIFT_STANDARD_LIBRARIES = YES;
				BUNDLE_LOADER = "$(TEST_HOST)";
				CODE_SIGN_STYLE = Automatic;
				CURRENT_PROJECT_VERSION = 1;
				DEVELOPMENT_TEAM = V9P3QARK7G;
				GENERATE_INFOPLIST_FILE = YES;
				IPHONEOS_DEPLOYMENT_TARGET = 15.4;
				MARKETING_VERSION = 1.0;
				PRODUCT_BUNDLE_IDENTIFIER = "com.mango.Learn-SwiftTests";
				PRODUCT_NAME = "$(TARGET_NAME)";
				SWIFT_EMIT_LOC_STRINGS = NO;
				SWIFT_VERSION = 5.0;
				TARGETED_DEVICE_FAMILY = "1,2";
				TEST_HOST = "$(BUILT_PRODUCTS_DIR)/Learn_Swift.app/Learn_Swift";
			};
			name = Release;
		};
		E43EE886283A7715006AF504 /* Debug */ = {
			isa = XCBuildConfiguration;
			buildSettings = {
				ALWAYS_EMBED_SWIFT_STANDARD_LIBRARIES = YES;
				CODE_SIGN_STYLE = Automatic;
				CURRENT_PROJECT_VERSION = 1;
				DEVELOPMENT_TEAM = V9P3QARK7G;
				GENERATE_INFOPLIST_FILE = YES;
				MARKETING_VERSION = 1.0;
				PRODUCT_BUNDLE_IDENTIFIER = "com.mango.Learn-SwiftUITests";
				PRODUCT_NAME = "$(TARGET_NAME)";
				SWIFT_EMIT_LOC_STRINGS = NO;
				SWIFT_VERSION = 5.0;
				TARGETED_DEVICE_FAMILY = "1,2";
				TEST_TARGET_NAME = Learn_Swift;
			};
			name = Debug;
		};
		E43EE887283A7715006AF504 /* Release */ = {
			isa = XCBuildConfiguration;
			buildSettings = {
				ALWAYS_EMBED_SWIFT_STANDARD_LIBRARIES = YES;
				CODE_SIGN_STYLE = Automatic;
				CURRENT_PROJECT_VERSION = 1;
				DEVELOPMENT_TEAM = V9P3QARK7G;
				GENERATE_INFOPLIST_FILE = YES;
				MARKETING_VERSION = 1.0;
				PRODUCT_BUNDLE_IDENTIFIER = "com.mango.Learn-SwiftUITests";
				PRODUCT_NAME = "$(TARGET_NAME)";
				SWIFT_EMIT_LOC_STRINGS = NO;
				SWIFT_VERSION = 5.0;
				TARGETED_DEVICE_FAMILY = "1,2";
				TEST_TARGET_NAME = Learn_Swift;
			};
			name = Release;
		};
/* End XCBuildConfiguration section */

/* Begin XCConfigurationList section */
		E43EE850283A7713006AF504 /* Build configuration list for PBXProject "Learn_Swift" */ = {
			isa = XCConfigurationList;
			buildConfigurations = (
				E43EE87D283A7715006AF504 /* Debug */,
				E43EE87E283A7715006AF504 /* Release */,
			);
			defaultConfigurationIsVisible = 0;
			defaultConfigurationName = Release;
		};
		E43EE87F283A7715006AF504 /* Build configuration list for PBXNativeTarget "Learn_Swift" */ = {
			isa = XCConfigurationList;
			buildConfigurations = (
				E43EE880283A7715006AF504 /* Debug */,
				E43EE881283A7715006AF504 /* Release */,
			);
			defaultConfigurationIsVisible = 0;
			defaultConfigurationName = Release;
		};
		E43EE882283A7715006AF504 /* Build configuration list for PBXNativeTarget "Learn_SwiftTests" */ = {
			isa = XCConfigurationList;
			buildConfigurations = (
				E43EE883283A7715006AF504 /* Debug */,
				E43EE884283A7715006AF504 /* Release */,
			);
			defaultConfigurationIsVisible = 0;
			defaultConfigurationName = Release;
		};
		E43EE885283A7715006AF504 /* Build configuration list for PBXNativeTarget "Learn_SwiftUITests" */ = {
			isa = XCConfigurationList;
			buildConfigurations = (
				E43EE886283A7715006AF504 /* Debug */,
				E43EE887283A7715006AF504 /* Release */,
			);
			defaultConfigurationIsVisible = 0;
			defaultConfigurationName = Release;
		};
/* End XCConfigurationList section */
	};
	rootObject = E43EE84D283A7713006AF504 /* Project object */;
}
